// !$*UTF8*$!
{
	archiveVersion = 1;
	classes = {
	};
	objectVersion = 77;
	objects = {

/* Begin PBXBuildFile section */
		05C1FDDF2D9BD72900B36CBE /* FirebaseAnalytics in Frameworks */ = {isa = PBXBuildFile; productRef = 05C1FDDE2D9BD72900B36CBE /* FirebaseAnalytics */; };
		05C1FDE12D9BD72900B36CBE /* FirebaseAnalyticsOnDeviceConversion in Frameworks */ = {isa = PBXBuildFile; productRef = 05C1FDE02D9BD72900B36CBE /* FirebaseAnalyticsOnDeviceConversion */; };
		05C1FDE32D9BD72900B36CBE /* FirebaseAnalyticsWithoutAdIdSupport in Frameworks */ = {isa = PBXBuildFile; productRef = 05C1FDE22D9BD72900B36CBE /* FirebaseAnalyticsWithoutAdIdSupport */; };
		05C1FDE52D9BD72900B36CBE /* FirebaseAppCheck in Frameworks */ = {isa = PBXBuildFile; productRef = 05C1FDE42D9BD72900B36CBE /* FirebaseAppCheck */; };
		05C1FDE72D9BD72900B36CBE /* FirebaseAppDistribution-Beta in Frameworks */ = {isa = PBXBuildFile; productRef = 05C1FDE62D9BD72900B36CBE /* FirebaseAppDistribution-Beta */; };
		05C1FDE92D9BD72900B36CBE /* FirebaseAuth in Frameworks */ = {isa = PBXBuildFile; productRef = 05C1FDE82D9BD72900B36CBE /* FirebaseAuth */; };
		05C1FDEB2D9BD72900B36CBE /* FirebaseAuthCombine-Community in Frameworks */ = {isa = PBXBuildFile; productRef = 05C1FDEA2D9BD72900B36CBE /* FirebaseAuthCombine-Community */; };
		05C1FDED2D9BD72900B36CBE /* FirebaseCore in Frameworks */ = {isa = PBXBuildFile; productRef = 05C1FDEC2D9BD72900B36CBE /* FirebaseCore */; };
		05C1FDEF2D9BD72900B36CBE /* FirebaseCrashlytics in Frameworks */ = {isa = PBXBuildFile; productRef = 05C1FDEE2D9BD72900B36CBE /* FirebaseCrashlytics */; };
		05C1FDF12D9BD72900B36CBE /* FirebaseDatabase in Frameworks */ = {isa = PBXBuildFile; productRef = 05C1FDF02D9BD72900B36CBE /* FirebaseDatabase */; };
		05C1FDF32D9BD72900B36CBE /* FirebaseDynamicLinks in Frameworks */ = {isa = PBXBuildFile; productRef = 05C1FDF22D9BD72900B36CBE /* FirebaseDynamicLinks */; };
		05C1FDF52D9BD72900B36CBE /* FirebaseFirestore in Frameworks */ = {isa = PBXBuildFile; productRef = 05C1FDF42D9BD72900B36CBE /* FirebaseFirestore */; };
		05C1FDF72D9BD72900B36CBE /* FirebaseFirestoreCombine-Community in Frameworks */ = {isa = PBXBuildFile; productRef = 05C1FDF62D9BD72900B36CBE /* FirebaseFirestoreCombine-Community */; };
		05C1FDF92D9BD72900B36CBE /* FirebaseFunctions in Frameworks */ = {isa = PBXBuildFile; productRef = 05C1FDF82D9BD72900B36CBE /* FirebaseFunctions */; };
		05C1FDFB2D9BD72900B36CBE /* FirebaseFunctionsCombine-Community in Frameworks */ = {isa = PBXBuildFile; productRef = 05C1FDFA2D9BD72900B36CBE /* FirebaseFunctionsCombine-Community */; };
		05C1FDFD2D9BD72900B36CBE /* FirebaseInAppMessaging-Beta in Frameworks */ = {isa = PBXBuildFile; productRef = 05C1FDFC2D9BD72900B36CBE /* FirebaseInAppMessaging-Beta */; };
		05C1FDFF2D9BD72900B36CBE /* FirebaseInstallations in Frameworks */ = {isa = PBXBuildFile; productRef = 05C1FDFE2D9BD72900B36CBE /* FirebaseInstallations */; };
		05C1FE012D9BD72900B36CBE /* FirebaseMLModelDownloader in Frameworks */ = {isa = PBXBuildFile; productRef = 05C1FE002D9BD72900B36CBE /* FirebaseMLModelDownloader */; };
		05C1FE032D9BD72900B36CBE /* FirebaseMessaging in Frameworks */ = {isa = PBXBuildFile; productRef = 05C1FE022D9BD72900B36CBE /* FirebaseMessaging */; };
		05C1FE052D9BD72900B36CBE /* FirebasePerformance in Frameworks */ = {isa = PBXBuildFile; productRef = 05C1FE042D9BD72900B36CBE /* FirebasePerformance */; };
		05C1FE072D9BD72900B36CBE /* FirebaseRemoteConfig in Frameworks */ = {isa = PBXBuildFile; productRef = 05C1FE062D9BD72900B36CBE /* FirebaseRemoteConfig */; };
		05C1FE092D9BD72900B36CBE /* FirebaseStorage in Frameworks */ = {isa = PBXBuildFile; productRef = 05C1FE082D9BD72900B36CBE /* FirebaseStorage */; };
		05C1FE0B2D9BD72900B36CBE /* FirebaseStorageCombine-Community in Frameworks */ = {isa = PBXBuildFile; productRef = 05C1FE0A2D9BD72900B36CBE /* FirebaseStorageCombine-Community */; };
		05C1FE0D2D9BD72900B36CBE /* FirebaseVertexAI in Frameworks */ = {isa = PBXBuildFile; productRef = 05C1FE0C2D9BD72900B36CBE /* FirebaseVertexAI */; };
		6834C6AB2D8B531E007AF318 /* UIKit.framework in Frameworks */ = {isa = PBXBuildFile; fileRef = 6834C6AA2D8B531E007AF318 /* UIKit.framework */; platformFilters = (ios, xros, ); };
/* End PBXBuildFile section */

/* Begin PBXContainerItemProxy section */
		4955D6CC2D76944F00E1B619 /* PBXContainerItemProxy */ = {
			isa = PBXContainerItemProxy;
			containerPortal = 4955D6B22D76944D00E1B619 /* Project object */;
			proxyType = 1;
			remoteGlobalIDString = 4955D6B92D76944D00E1B619;
			remoteInfo = VolunTree;
		};
		4955D6D62D76944F00E1B619 /* PBXContainerItemProxy */ = {
			isa = PBXContainerItemProxy;
			containerPortal = 4955D6B22D76944D00E1B619 /* Project object */;
			proxyType = 1;
			remoteGlobalIDString = 4955D6B92D76944D00E1B619;
			remoteInfo = VolunTree;
		};
/* End PBXContainerItemProxy section */

/* Begin PBXFileReference section */
		4955D6BA2D76944D00E1B619 /* VolunTree.app */ = {isa = PBXFileReference; explicitFileType = wrapper.application; includeInIndex = 0; path = VolunTree.app; sourceTree = BUILT_PRODUCTS_DIR; };
		4955D6CB2D76944F00E1B619 /* VolunTreeTests.xctest */ = {isa = PBXFileReference; explicitFileType = wrapper.cfbundle; includeInIndex = 0; path = VolunTreeTests.xctest; sourceTree = BUILT_PRODUCTS_DIR; };
		4955D6D52D76944F00E1B619 /* VolunTreeUITests.xctest */ = {isa = PBXFileReference; explicitFileType = wrapper.cfbundle; includeInIndex = 0; path = VolunTreeUITests.xctest; sourceTree = BUILT_PRODUCTS_DIR; };
		6834C6AA2D8B531E007AF318 /* UIKit.framework */ = {isa = PBXFileReference; lastKnownFileType = wrapper.framework; name = UIKit.framework; path = Platforms/iPhoneOS.platform/Developer/SDKs/iPhoneOS18.2.sdk/System/Library/Frameworks/UIKit.framework; sourceTree = DEVELOPER_DIR; };
/* End PBXFileReference section */

/* Begin PBXFileSystemSynchronizedBuildFileExceptionSet section */
		684E47AC2DA0A0BF00A7D475 /* Exceptions for "VolunTree" folder in "VolunTree" target */ = {
			isa = PBXFileSystemSynchronizedBuildFileExceptionSet;
			membershipExceptions = (
				.vscode/settings.json,
				API/.gitignore,
				API/API.csproj,
				API/API.http,
				API/appsettings.Development.json,
				API/appsettings.json,
				API/bin/Debug/net8.0/API,
				API/bin/Debug/net8.0/API.deps.json,
				API/bin/Debug/net8.0/API.dll,
				API/bin/Debug/net8.0/API.pdb,
				API/bin/Debug/net8.0/API.runtimeconfig.json,
				API/bin/Debug/net8.0/appsettings.Development.json,
				API/bin/Debug/net8.0/appsettings.json,
				API/bin/Debug/net8.0/cs/Microsoft.CodeAnalysis.CSharp.resources.dll,
				API/bin/Debug/net8.0/cs/Microsoft.CodeAnalysis.CSharp.Workspaces.resources.dll,
				API/bin/Debug/net8.0/cs/Microsoft.CodeAnalysis.resources.dll,
				API/bin/Debug/net8.0/cs/Microsoft.CodeAnalysis.Workspaces.resources.dll,
				API/bin/Debug/net8.0/de/Microsoft.CodeAnalysis.CSharp.resources.dll,
				API/bin/Debug/net8.0/de/Microsoft.CodeAnalysis.CSharp.Workspaces.resources.dll,
				API/bin/Debug/net8.0/de/Microsoft.CodeAnalysis.resources.dll,
				API/bin/Debug/net8.0/de/Microsoft.CodeAnalysis.Workspaces.resources.dll,
				API/bin/Debug/net8.0/es/Microsoft.CodeAnalysis.CSharp.resources.dll,
				API/bin/Debug/net8.0/es/Microsoft.CodeAnalysis.CSharp.Workspaces.resources.dll,
				API/bin/Debug/net8.0/es/Microsoft.CodeAnalysis.resources.dll,
				API/bin/Debug/net8.0/es/Microsoft.CodeAnalysis.Workspaces.resources.dll,
				API/bin/Debug/net8.0/fr/Microsoft.CodeAnalysis.CSharp.resources.dll,
				API/bin/Debug/net8.0/fr/Microsoft.CodeAnalysis.CSharp.Workspaces.resources.dll,
				API/bin/Debug/net8.0/fr/Microsoft.CodeAnalysis.resources.dll,
				API/bin/Debug/net8.0/fr/Microsoft.CodeAnalysis.Workspaces.resources.dll,
				API/bin/Debug/net8.0/Humanizer.dll,
				API/bin/Debug/net8.0/it/Microsoft.CodeAnalysis.CSharp.resources.dll,
				API/bin/Debug/net8.0/it/Microsoft.CodeAnalysis.CSharp.Workspaces.resources.dll,
				API/bin/Debug/net8.0/it/Microsoft.CodeAnalysis.resources.dll,
				API/bin/Debug/net8.0/it/Microsoft.CodeAnalysis.Workspaces.resources.dll,
				API/bin/Debug/net8.0/ja/Microsoft.CodeAnalysis.CSharp.resources.dll,
				API/bin/Debug/net8.0/ja/Microsoft.CodeAnalysis.CSharp.Workspaces.resources.dll,
				API/bin/Debug/net8.0/ja/Microsoft.CodeAnalysis.resources.dll,
				API/bin/Debug/net8.0/ja/Microsoft.CodeAnalysis.Workspaces.resources.dll,
				API/bin/Debug/net8.0/ko/Microsoft.CodeAnalysis.CSharp.resources.dll,
				API/bin/Debug/net8.0/ko/Microsoft.CodeAnalysis.CSharp.Workspaces.resources.dll,
				API/bin/Debug/net8.0/ko/Microsoft.CodeAnalysis.resources.dll,
				API/bin/Debug/net8.0/ko/Microsoft.CodeAnalysis.Workspaces.resources.dll,
				API/bin/Debug/net8.0/Microsoft.AspNetCore.Authentication.JwtBearer.dll,
				API/bin/Debug/net8.0/Microsoft.AspNetCore.Cryptography.Internal.dll,
				API/bin/Debug/net8.0/Microsoft.AspNetCore.Cryptography.KeyDerivation.dll,
				API/bin/Debug/net8.0/Microsoft.AspNetCore.Identity.EntityFrameworkCore.dll,
				API/bin/Debug/net8.0/Microsoft.AspNetCore.OpenApi.dll,
				API/bin/Debug/net8.0/Microsoft.Bcl.AsyncInterfaces.dll,
				API/bin/Debug/net8.0/Microsoft.CodeAnalysis.CSharp.dll,
				API/bin/Debug/net8.0/Microsoft.CodeAnalysis.CSharp.Workspaces.dll,
				API/bin/Debug/net8.0/Microsoft.CodeAnalysis.dll,
				API/bin/Debug/net8.0/Microsoft.CodeAnalysis.Workspaces.dll,
				API/bin/Debug/net8.0/Microsoft.Data.Sqlite.dll,
				API/bin/Debug/net8.0/Microsoft.EntityFrameworkCore.Abstractions.dll,
				API/bin/Debug/net8.0/Microsoft.EntityFrameworkCore.Design.dll,
				API/bin/Debug/net8.0/Microsoft.EntityFrameworkCore.dll,
				API/bin/Debug/net8.0/Microsoft.EntityFrameworkCore.Relational.dll,
				API/bin/Debug/net8.0/Microsoft.EntityFrameworkCore.Sqlite.dll,
				API/bin/Debug/net8.0/Microsoft.Extensions.Caching.Memory.dll,
				API/bin/Debug/net8.0/Microsoft.Extensions.DependencyInjection.Abstractions.dll,
				API/bin/Debug/net8.0/Microsoft.Extensions.DependencyInjection.dll,
				API/bin/Debug/net8.0/Microsoft.Extensions.DependencyModel.dll,
				API/bin/Debug/net8.0/Microsoft.Extensions.Identity.Core.dll,
				API/bin/Debug/net8.0/Microsoft.Extensions.Identity.Stores.dll,
				API/bin/Debug/net8.0/Microsoft.Extensions.Logging.Abstractions.dll,
				API/bin/Debug/net8.0/Microsoft.Extensions.Logging.dll,
				API/bin/Debug/net8.0/Microsoft.Extensions.Options.dll,
				API/bin/Debug/net8.0/Microsoft.IdentityModel.Abstractions.dll,
				API/bin/Debug/net8.0/Microsoft.IdentityModel.JsonWebTokens.dll,
				API/bin/Debug/net8.0/Microsoft.IdentityModel.Logging.dll,
				API/bin/Debug/net8.0/Microsoft.IdentityModel.Protocols.dll,
				API/bin/Debug/net8.0/Microsoft.IdentityModel.Protocols.OpenIdConnect.dll,
				API/bin/Debug/net8.0/Microsoft.IdentityModel.Tokens.dll,
				API/bin/Debug/net8.0/Microsoft.OpenApi.dll,
				API/bin/Debug/net8.0/Mono.TextTemplating.dll,
				API/bin/Debug/net8.0/pl/Microsoft.CodeAnalysis.CSharp.resources.dll,
				API/bin/Debug/net8.0/pl/Microsoft.CodeAnalysis.CSharp.Workspaces.resources.dll,
				API/bin/Debug/net8.0/pl/Microsoft.CodeAnalysis.resources.dll,
				API/bin/Debug/net8.0/pl/Microsoft.CodeAnalysis.Workspaces.resources.dll,
				"API/bin/Debug/net8.0/pt-BR/Microsoft.CodeAnalysis.CSharp.resources.dll",
				"API/bin/Debug/net8.0/pt-BR/Microsoft.CodeAnalysis.CSharp.Workspaces.resources.dll",
				"API/bin/Debug/net8.0/pt-BR/Microsoft.CodeAnalysis.resources.dll",
				"API/bin/Debug/net8.0/pt-BR/Microsoft.CodeAnalysis.Workspaces.resources.dll",
				API/bin/Debug/net8.0/ru/Microsoft.CodeAnalysis.CSharp.resources.dll,
				API/bin/Debug/net8.0/ru/Microsoft.CodeAnalysis.CSharp.Workspaces.resources.dll,
				API/bin/Debug/net8.0/ru/Microsoft.CodeAnalysis.resources.dll,
				API/bin/Debug/net8.0/ru/Microsoft.CodeAnalysis.Workspaces.resources.dll,
				"API/bin/Debug/net8.0/runtimes/browser-wasm/nativeassets/net8.0/e_sqlite3.a",
				"API/bin/Debug/net8.0/runtimes/linux-arm/native/libe_sqlite3.so",
				"API/bin/Debug/net8.0/runtimes/linux-arm64/native/libe_sqlite3.so",
				"API/bin/Debug/net8.0/runtimes/linux-armel/native/libe_sqlite3.so",
				"API/bin/Debug/net8.0/runtimes/linux-mips64/native/libe_sqlite3.so",
				"API/bin/Debug/net8.0/runtimes/linux-musl-arm/native/libe_sqlite3.so",
				"API/bin/Debug/net8.0/runtimes/linux-musl-arm64/native/libe_sqlite3.so",
				"API/bin/Debug/net8.0/runtimes/linux-musl-x64/native/libe_sqlite3.so",
				"API/bin/Debug/net8.0/runtimes/linux-ppc64le/native/libe_sqlite3.so",
				"API/bin/Debug/net8.0/runtimes/linux-s390x/native/libe_sqlite3.so",
				"API/bin/Debug/net8.0/runtimes/linux-x64/native/libe_sqlite3.so",
				"API/bin/Debug/net8.0/runtimes/linux-x86/native/libe_sqlite3.so",
				"API/bin/Debug/net8.0/runtimes/maccatalyst-arm64/native/libe_sqlite3.dylib",
				"API/bin/Debug/net8.0/runtimes/maccatalyst-x64/native/libe_sqlite3.dylib",
				"API/bin/Debug/net8.0/runtimes/osx-arm64/native/libe_sqlite3.dylib",
				"API/bin/Debug/net8.0/runtimes/osx-x64/native/libe_sqlite3.dylib",
				"API/bin/Debug/net8.0/runtimes/win-arm/native/e_sqlite3.dll",
				"API/bin/Debug/net8.0/runtimes/win-arm64/native/e_sqlite3.dll",
				"API/bin/Debug/net8.0/runtimes/win-x64/native/e_sqlite3.dll",
				"API/bin/Debug/net8.0/runtimes/win-x86/native/e_sqlite3.dll",
				API/bin/Debug/net8.0/SQLitePCLRaw.batteries_v2.dll,
				API/bin/Debug/net8.0/SQLitePCLRaw.core.dll,
				API/bin/Debug/net8.0/SQLitePCLRaw.provider.e_sqlite3.dll,
				API/bin/Debug/net8.0/Swashbuckle.AspNetCore.Swagger.dll,
				API/bin/Debug/net8.0/Swashbuckle.AspNetCore.SwaggerGen.dll,
				API/bin/Debug/net8.0/Swashbuckle.AspNetCore.SwaggerUI.dll,
				API/bin/Debug/net8.0/System.CodeDom.dll,
				API/bin/Debug/net8.0/System.Composition.AttributedModel.dll,
				API/bin/Debug/net8.0/System.Composition.Convention.dll,
				API/bin/Debug/net8.0/System.Composition.Hosting.dll,
				API/bin/Debug/net8.0/System.Composition.Runtime.dll,
				API/bin/Debug/net8.0/System.Composition.TypedParts.dll,
				API/bin/Debug/net8.0/System.IdentityModel.Tokens.Jwt.dll,
				API/bin/Debug/net8.0/tr/Microsoft.CodeAnalysis.CSharp.resources.dll,
				API/bin/Debug/net8.0/tr/Microsoft.CodeAnalysis.CSharp.Workspaces.resources.dll,
				API/bin/Debug/net8.0/tr/Microsoft.CodeAnalysis.resources.dll,
				API/bin/Debug/net8.0/tr/Microsoft.CodeAnalysis.Workspaces.resources.dll,
				"API/bin/Debug/net8.0/zh-Hans/Microsoft.CodeAnalysis.CSharp.resources.dll",
				"API/bin/Debug/net8.0/zh-Hans/Microsoft.CodeAnalysis.CSharp.Workspaces.resources.dll",
				"API/bin/Debug/net8.0/zh-Hans/Microsoft.CodeAnalysis.resources.dll",
				"API/bin/Debug/net8.0/zh-Hans/Microsoft.CodeAnalysis.Workspaces.resources.dll",
				"API/bin/Debug/net8.0/zh-Hant/Microsoft.CodeAnalysis.CSharp.resources.dll",
				"API/bin/Debug/net8.0/zh-Hant/Microsoft.CodeAnalysis.CSharp.Workspaces.resources.dll",
				"API/bin/Debug/net8.0/zh-Hant/Microsoft.CodeAnalysis.resources.dll",
				"API/bin/Debug/net8.0/zh-Hant/Microsoft.CodeAnalysis.Workspaces.resources.dll",
				API/Controllers/AccountController.cs,
				API/Controllers/BaseApiController.cs,
				API/Controllers/OrgsController.cs,
				API/Controllers/UsersController.cs,
				API/Data/DbInitializer.cs,
				API/Data/Migrations/20250908174258_InitialCreate.cs,
				API/Data/Migrations/20250908174258_InitialCreate.Designer.cs,
				API/Data/Migrations/20250908223036_DummyIdentityAdded.cs,
				API/Data/Migrations/20250908223036_DummyIdentityAdded.Designer.cs,
				API/Data/Migrations/20250908225234_DummyIdentityAddedUpdated.cs,
				API/Data/Migrations/20250908225234_DummyIdentityAddedUpdated.Designer.cs,
				API/Data/Migrations/20250908225422_SeedRolesUpdate.cs,
				API/Data/Migrations/20250908225422_SeedRolesUpdate.Designer.cs,
				API/Data/Migrations/VoluntreeContextModelSnapshot.cs,
				API/Data/VoluntreeContext.cs,
				API/DTOs/LoginDto.cs,
				API/DTOs/VolunteeringTypeDto.cs,
				API/Entities/ApplicationToJoinVolOpp.cs,
				API/Entities/Challenge.cs,
				API/Entities/User.cs,
				API/Entities/VolunteeringOpportunity.cs,
				API/Entities/VolunteeringType.cs,
				API/Middleware/ExceptionMiddleware.cs,
				API/obj/API.csproj.EntityFrameworkCore.targets,
				API/obj/API.csproj.nuget.dgspec.json,
				API/obj/API.csproj.nuget.g.props,
				API/obj/API.csproj.nuget.g.targets,
				"API/obj/Debug/net8.0/.NETCoreApp,Version=v8.0.AssemblyAttributes.cs",
				API/obj/Debug/net8.0/API.AssemblyInfo.cs,
				API/obj/Debug/net8.0/API.AssemblyInfoInputs.cache,
				API/obj/Debug/net8.0/API.assets.cache,
				API/obj/Debug/net8.0/API.csproj.AssemblyReference.cache,
				API/obj/Debug/net8.0/API.csproj.CoreCompileInputs.cache,
				API/obj/Debug/net8.0/API.csproj.FileListAbsolute.txt,
				API/obj/Debug/net8.0/API.csproj.Up2Date,
				API/obj/Debug/net8.0/API.dll,
				API/obj/Debug/net8.0/API.GeneratedMSBuildEditorConfig.editorconfig,
				API/obj/Debug/net8.0/API.genruntimeconfig.cache,
				API/obj/Debug/net8.0/API.GlobalUsings.g.cs,
				API/obj/Debug/net8.0/API.MvcApplicationPartsAssemblyInfo.cache,
				API/obj/Debug/net8.0/API.MvcApplicationPartsAssemblyInfo.cs,
				API/obj/Debug/net8.0/API.pdb,
				API/obj/Debug/net8.0/API.sourcelink.json,
				API/obj/Debug/net8.0/apphost,
				API/obj/Debug/net8.0/ref/API.dll,
				API/obj/Debug/net8.0/refint/API.dll,
				API/obj/Debug/net8.0/staticwebassets.build.json,
				API/obj/Debug/net8.0/staticwebassets/msbuild.build.API.props,
				API/obj/Debug/net8.0/staticwebassets/msbuild.buildMultiTargeting.API.props,
				API/obj/Debug/net8.0/staticwebassets/msbuild.buildTransitive.API.props,
				API/obj/project.assets.json,
				API/obj/project.nuget.cache,
				API/Program.cs,
				API/Properties/launchSettings.json,
				Info.plist,
				VolunTree.sln,
			);
			target = 4955D6B92D76944D00E1B619 /* VolunTree */;
		};
/* End PBXFileSystemSynchronizedBuildFileExceptionSet section */

/* Begin PBXFileSystemSynchronizedRootGroup section */
		4955D6BC2D76944D00E1B619 /* VolunTree */ = {
			isa = PBXFileSystemSynchronizedRootGroup;
			exceptions = (
				684E47AC2DA0A0BF00A7D475 /* Exceptions for "VolunTree" folder in "VolunTree" target */,
			);
			path = VolunTree;
			sourceTree = "<group>";
		};
		4955D6CE2D76944F00E1B619 /* VolunTreeTests */ = {
			isa = PBXFileSystemSynchronizedRootGroup;
			path = VolunTreeTests;
			sourceTree = "<group>";
		};
		4955D6D82D76944F00E1B619 /* VolunTreeUITests */ = {
			isa = PBXFileSystemSynchronizedRootGroup;
			path = VolunTreeUITests;
			sourceTree = "<group>";
		};
/* End PBXFileSystemSynchronizedRootGroup section */

/* Begin PBXFrameworksBuildPhase section */
		4955D6B72D76944D00E1B619 /* Frameworks */ = {
			isa = PBXFrameworksBuildPhase;
			buildActionMask = 2147483647;
			files = (
				05C1FDDF2D9BD72900B36CBE /* FirebaseAnalytics in Frameworks */,
				05C1FDF52D9BD72900B36CBE /* FirebaseFirestore in Frameworks */,
				05C1FDE12D9BD72900B36CBE /* FirebaseAnalyticsOnDeviceConversion in Frameworks */,
				05C1FDFF2D9BD72900B36CBE /* FirebaseInstallations in Frameworks */,
				6834C6AB2D8B531E007AF318 /* UIKit.framework in Frameworks */,
				05C1FDE52D9BD72900B36CBE /* FirebaseAppCheck in Frameworks */,
				05C1FDFD2D9BD72900B36CBE /* FirebaseInAppMessaging-Beta in Frameworks */,
				05C1FDE32D9BD72900B36CBE /* FirebaseAnalyticsWithoutAdIdSupport in Frameworks */,
				05C1FDE92D9BD72900B36CBE /* FirebaseAuth in Frameworks */,
				05C1FDFB2D9BD72900B36CBE /* FirebaseFunctionsCombine-Community in Frameworks */,
				05C1FE0B2D9BD72900B36CBE /* FirebaseStorageCombine-Community in Frameworks */,
				05C1FDE72D9BD72900B36CBE /* FirebaseAppDistribution-Beta in Frameworks */,
				05C1FE0D2D9BD72900B36CBE /* FirebaseVertexAI in Frameworks */,
				05C1FE092D9BD72900B36CBE /* FirebaseStorage in Frameworks */,
				05C1FE072D9BD72900B36CBE /* FirebaseRemoteConfig in Frameworks */,
				05C1FDEF2D9BD72900B36CBE /* FirebaseCrashlytics in Frameworks */,
				05C1FE032D9BD72900B36CBE /* FirebaseMessaging in Frameworks */,
				05C1FE012D9BD72900B36CBE /* FirebaseMLModelDownloader in Frameworks */,
				05C1FE052D9BD72900B36CBE /* FirebasePerformance in Frameworks */,
				05C1FDF12D9BD72900B36CBE /* FirebaseDatabase in Frameworks */,
				05C1FDED2D9BD72900B36CBE /* FirebaseCore in Frameworks */,
				05C1FDEB2D9BD72900B36CBE /* FirebaseAuthCombine-Community in Frameworks */,
				05C1FDF92D9BD72900B36CBE /* FirebaseFunctions in Frameworks */,
				05C1FDF32D9BD72900B36CBE /* FirebaseDynamicLinks in Frameworks */,
				05C1FDF72D9BD72900B36CBE /* FirebaseFirestoreCombine-Community in Frameworks */,
			);
			runOnlyForDeploymentPostprocessing = 0;
		};
		4955D6C82D76944F00E1B619 /* Frameworks */ = {
			isa = PBXFrameworksBuildPhase;
			buildActionMask = 2147483647;
			files = (
			);
			runOnlyForDeploymentPostprocessing = 0;
		};
		4955D6D22D76944F00E1B619 /* Frameworks */ = {
			isa = PBXFrameworksBuildPhase;
			buildActionMask = 2147483647;
			files = (
			);
			runOnlyForDeploymentPostprocessing = 0;
		};
/* End PBXFrameworksBuildPhase section */

/* Begin PBXGroup section */
		4955D6B12D76944D00E1B619 = {
			isa = PBXGroup;
			children = (
				4955D6BC2D76944D00E1B619 /* VolunTree */,
				4955D6CE2D76944F00E1B619 /* VolunTreeTests */,
				4955D6D82D76944F00E1B619 /* VolunTreeUITests */,
				6834C6A92D8B531E007AF318 /* Frameworks */,
				4955D6BB2D76944D00E1B619 /* Products */,
			);
			sourceTree = "<group>";
		};
		4955D6BB2D76944D00E1B619 /* Products */ = {
			isa = PBXGroup;
			children = (
				4955D6BA2D76944D00E1B619 /* VolunTree.app */,
				4955D6CB2D76944F00E1B619 /* VolunTreeTests.xctest */,
				4955D6D52D76944F00E1B619 /* VolunTreeUITests.xctest */,
			);
			name = Products;
			sourceTree = "<group>";
		};
		6834C6A92D8B531E007AF318 /* Frameworks */ = {
			isa = PBXGroup;
			children = (
				6834C6AA2D8B531E007AF318 /* UIKit.framework */,
			);
			name = Frameworks;
			sourceTree = "<group>";
		};
/* End PBXGroup section */

/* Begin PBXNativeTarget section */
		4955D6B92D76944D00E1B619 /* VolunTree */ = {
			isa = PBXNativeTarget;
			buildConfigurationList = 4955D6DF2D76944F00E1B619 /* Build configuration list for PBXNativeTarget "VolunTree" */;
			buildPhases = (
				4955D6B62D76944D00E1B619 /* Sources */,
				4955D6B72D76944D00E1B619 /* Frameworks */,
				4955D6B82D76944D00E1B619 /* Resources */,
			);
			buildRules = (
			);
			dependencies = (
			);
			fileSystemSynchronizedGroups = (
				4955D6BC2D76944D00E1B619 /* VolunTree */,
			);
			name = VolunTree;
			packageProductDependencies = (
				05C1FDDE2D9BD72900B36CBE /* FirebaseAnalytics */,
				05C1FDE02D9BD72900B36CBE /* FirebaseAnalyticsOnDeviceConversion */,
				05C1FDE22D9BD72900B36CBE /* FirebaseAnalyticsWithoutAdIdSupport */,
				05C1FDE42D9BD72900B36CBE /* FirebaseAppCheck */,
				05C1FDE62D9BD72900B36CBE /* FirebaseAppDistribution-Beta */,
				05C1FDE82D9BD72900B36CBE /* FirebaseAuth */,
				05C1FDEA2D9BD72900B36CBE /* FirebaseAuthCombine-Community */,
				05C1FDEC2D9BD72900B36CBE /* FirebaseCore */,
				05C1FDEE2D9BD72900B36CBE /* FirebaseCrashlytics */,
				05C1FDF02D9BD72900B36CBE /* FirebaseDatabase */,
				05C1FDF22D9BD72900B36CBE /* FirebaseDynamicLinks */,
				05C1FDF42D9BD72900B36CBE /* FirebaseFirestore */,
				05C1FDF62D9BD72900B36CBE /* FirebaseFirestoreCombine-Community */,
				05C1FDF82D9BD72900B36CBE /* FirebaseFunctions */,
				05C1FDFA2D9BD72900B36CBE /* FirebaseFunctionsCombine-Community */,
				05C1FDFC2D9BD72900B36CBE /* FirebaseInAppMessaging-Beta */,
				05C1FDFE2D9BD72900B36CBE /* FirebaseInstallations */,
				05C1FE002D9BD72900B36CBE /* FirebaseMLModelDownloader */,
				05C1FE022D9BD72900B36CBE /* FirebaseMessaging */,
				05C1FE042D9BD72900B36CBE /* FirebasePerformance */,
				05C1FE062D9BD72900B36CBE /* FirebaseRemoteConfig */,
				05C1FE082D9BD72900B36CBE /* FirebaseStorage */,
				05C1FE0A2D9BD72900B36CBE /* FirebaseStorageCombine-Community */,
				05C1FE0C2D9BD72900B36CBE /* FirebaseVertexAI */,
			);
			productName = VolunTree;
			productReference = 4955D6BA2D76944D00E1B619 /* VolunTree.app */;
			productType = "com.apple.product-type.application";
		};
		4955D6CA2D76944F00E1B619 /* VolunTreeTests */ = {
			isa = PBXNativeTarget;
			buildConfigurationList = 4955D6E22D76944F00E1B619 /* Build configuration list for PBXNativeTarget "VolunTreeTests" */;
			buildPhases = (
				4955D6C72D76944F00E1B619 /* Sources */,
				4955D6C82D76944F00E1B619 /* Frameworks */,
				4955D6C92D76944F00E1B619 /* Resources */,
			);
			buildRules = (
			);
			dependencies = (
				4955D6CD2D76944F00E1B619 /* PBXTargetDependency */,
			);
			fileSystemSynchronizedGroups = (
				4955D6CE2D76944F00E1B619 /* VolunTreeTests */,
			);
			name = VolunTreeTests;
			packageProductDependencies = (
			);
			productName = VolunTreeTests;
			productReference = 4955D6CB2D76944F00E1B619 /* VolunTreeTests.xctest */;
			productType = "com.apple.product-type.bundle.unit-test";
		};
		4955D6D42D76944F00E1B619 /* VolunTreeUITests */ = {
			isa = PBXNativeTarget;
			buildConfigurationList = 4955D6E52D76944F00E1B619 /* Build configuration list for PBXNativeTarget "VolunTreeUITests" */;
			buildPhases = (
				4955D6D12D76944F00E1B619 /* Sources */,
				4955D6D22D76944F00E1B619 /* Frameworks */,
				4955D6D32D76944F00E1B619 /* Resources */,
			);
			buildRules = (
			);
			dependencies = (
				4955D6D72D76944F00E1B619 /* PBXTargetDependency */,
			);
			fileSystemSynchronizedGroups = (
				4955D6D82D76944F00E1B619 /* VolunTreeUITests */,
			);
			name = VolunTreeUITests;
			packageProductDependencies = (
			);
			productName = VolunTreeUITests;
			productReference = 4955D6D52D76944F00E1B619 /* VolunTreeUITests.xctest */;
			productType = "com.apple.product-type.bundle.ui-testing";
		};
/* End PBXNativeTarget section */

/* Begin PBXProject section */
		4955D6B22D76944D00E1B619 /* Project object */ = {
			isa = PBXProject;
			attributes = {
				BuildIndependentTargetsInParallel = 1;
				LastSwiftUpdateCheck = 1620;
				LastUpgradeCheck = 1620;
				TargetAttributes = {
					4955D6B92D76944D00E1B619 = {
						CreatedOnToolsVersion = 16.2;
					};
					4955D6CA2D76944F00E1B619 = {
						CreatedOnToolsVersion = 16.2;
						TestTargetID = 4955D6B92D76944D00E1B619;
					};
					4955D6D42D76944F00E1B619 = {
						CreatedOnToolsVersion = 16.2;
						TestTargetID = 4955D6B92D76944D00E1B619;
					};
				};
			};
			buildConfigurationList = 4955D6B52D76944D00E1B619 /* Build configuration list for PBXProject "VolunTree" */;
			developmentRegion = en;
			hasScannedForEncodings = 0;
			knownRegions = (
				en,
				Base,
			);
			mainGroup = 4955D6B12D76944D00E1B619;
			minimizedProjectReferenceProxies = 1;
			packageReferences = (
				05C1FDDD2D9BD72900B36CBE /* XCRemoteSwiftPackageReference "firebase-ios-sdk" */,
			);
			preferredProjectObjectVersion = 77;
			productRefGroup = 4955D6BB2D76944D00E1B619 /* Products */;
			projectDirPath = "";
			projectRoot = "";
			targets = (
				4955D6B92D76944D00E1B619 /* VolunTree */,
				4955D6CA2D76944F00E1B619 /* VolunTreeTests */,
				4955D6D42D76944F00E1B619 /* VolunTreeUITests */,
			);
		};
/* End PBXProject section */

/* Begin PBXResourcesBuildPhase section */
		4955D6B82D76944D00E1B619 /* Resources */ = {
			isa = PBXResourcesBuildPhase;
			buildActionMask = 2147483647;
			files = (
			);
			runOnlyForDeploymentPostprocessing = 0;
		};
		4955D6C92D76944F00E1B619 /* Resources */ = {
			isa = PBXResourcesBuildPhase;
			buildActionMask = 2147483647;
			files = (
			);
			runOnlyForDeploymentPostprocessing = 0;
		};
		4955D6D32D76944F00E1B619 /* Resources */ = {
			isa = PBXResourcesBuildPhase;
			buildActionMask = 2147483647;
			files = (
			);
			runOnlyForDeploymentPostprocessing = 0;
		};
/* End PBXResourcesBuildPhase section */

/* Begin PBXSourcesBuildPhase section */
		4955D6B62D76944D00E1B619 /* Sources */ = {
			isa = PBXSourcesBuildPhase;
			buildActionMask = 2147483647;
			files = (
			);
			runOnlyForDeploymentPostprocessing = 0;
		};
		4955D6C72D76944F00E1B619 /* Sources */ = {
			isa = PBXSourcesBuildPhase;
			buildActionMask = 2147483647;
			files = (
			);
			runOnlyForDeploymentPostprocessing = 0;
		};
		4955D6D12D76944F00E1B619 /* Sources */ = {
			isa = PBXSourcesBuildPhase;
			buildActionMask = 2147483647;
			files = (
			);
			runOnlyForDeploymentPostprocessing = 0;
		};
/* End PBXSourcesBuildPhase section */

/* Begin PBXTargetDependency section */
		4955D6CD2D76944F00E1B619 /* PBXTargetDependency */ = {
			isa = PBXTargetDependency;
			target = 4955D6B92D76944D00E1B619 /* VolunTree */;
			targetProxy = 4955D6CC2D76944F00E1B619 /* PBXContainerItemProxy */;
		};
		4955D6D72D76944F00E1B619 /* PBXTargetDependency */ = {
			isa = PBXTargetDependency;
			target = 4955D6B92D76944D00E1B619 /* VolunTree */;
			targetProxy = 4955D6D62D76944F00E1B619 /* PBXContainerItemProxy */;
		};
/* End PBXTargetDependency section */

/* Begin XCBuildConfiguration section */
		4955D6DD2D76944F00E1B619 /* Debug */ = {
			isa = XCBuildConfiguration;
			buildSettings = {
				ALWAYS_SEARCH_USER_PATHS = NO;
				ASSETCATALOG_COMPILER_GENERATE_SWIFT_ASSET_SYMBOL_EXTENSIONS = YES;
				CLANG_ANALYZER_NONNULL = YES;
				CLANG_ANALYZER_NUMBER_OBJECT_CONVERSION = YES_AGGRESSIVE;
				CLANG_CXX_LANGUAGE_STANDARD = "gnu++20";
				CLANG_ENABLE_MODULES = YES;
				CLANG_ENABLE_OBJC_ARC = YES;
				CLANG_ENABLE_OBJC_WEAK = YES;
				CLANG_WARN_BLOCK_CAPTURE_AUTORELEASING = YES;
				CLANG_WARN_BOOL_CONVERSION = YES;
				CLANG_WARN_COMMA = YES;
				CLANG_WARN_CONSTANT_CONVERSION = YES;
				CLANG_WARN_DEPRECATED_OBJC_IMPLEMENTATIONS = YES;
				CLANG_WARN_DIRECT_OBJC_ISA_USAGE = YES_ERROR;
				CLANG_WARN_DOCUMENTATION_COMMENTS = YES;
				CLANG_WARN_EMPTY_BODY = YES;
				CLANG_WARN_ENUM_CONVERSION = YES;
				CLANG_WARN_INFINITE_RECURSION = YES;
				CLANG_WARN_INT_CONVERSION = YES;
				CLANG_WARN_NON_LITERAL_NULL_CONVERSION = YES;
				CLANG_WARN_OBJC_IMPLICIT_RETAIN_SELF = YES;
				CLANG_WARN_OBJC_LITERAL_CONVERSION = YES;
				CLANG_WARN_OBJC_ROOT_CLASS = YES_ERROR;
				CLANG_WARN_QUOTED_INCLUDE_IN_FRAMEWORK_HEADER = YES;
				CLANG_WARN_RANGE_LOOP_ANALYSIS = YES;
				CLANG_WARN_STRICT_PROTOTYPES = YES;
				CLANG_WARN_SUSPICIOUS_MOVE = YES;
				CLANG_WARN_UNGUARDED_AVAILABILITY = YES_AGGRESSIVE;
				CLANG_WARN_UNREACHABLE_CODE = YES;
				CLANG_WARN__DUPLICATE_METHOD_MATCH = YES;
				COPY_PHASE_STRIP = NO;
				DEBUG_INFORMATION_FORMAT = dwarf;
				ENABLE_STRICT_OBJC_MSGSEND = YES;
				ENABLE_TESTABILITY = YES;
				ENABLE_USER_SCRIPT_SANDBOXING = YES;
				GCC_C_LANGUAGE_STANDARD = gnu17;
				GCC_DYNAMIC_NO_PIC = NO;
				GCC_NO_COMMON_BLOCKS = YES;
				GCC_OPTIMIZATION_LEVEL = 0;
				GCC_PREPROCESSOR_DEFINITIONS = (
					"DEBUG=1",
					"$(inherited)",
				);
				GCC_WARN_64_TO_32_BIT_CONVERSION = YES;
				GCC_WARN_ABOUT_RETURN_TYPE = YES_ERROR;
				GCC_WARN_UNDECLARED_SELECTOR = YES;
				GCC_WARN_UNINITIALIZED_AUTOS = YES_AGGRESSIVE;
				GCC_WARN_UNUSED_FUNCTION = YES;
				GCC_WARN_UNUSED_VARIABLE = YES;
				LOCALIZATION_PREFERS_STRING_CATALOGS = YES;
				MTL_ENABLE_DEBUG_INFO = INCLUDE_SOURCE;
				MTL_FAST_MATH = YES;
				ONLY_ACTIVE_ARCH = YES;
				SWIFT_ACTIVE_COMPILATION_CONDITIONS = "DEBUG $(inherited)";
				SWIFT_OPTIMIZATION_LEVEL = "-Onone";
			};
			name = Debug;
		};
		4955D6DE2D76944F00E1B619 /* Release */ = {
			isa = XCBuildConfiguration;
			buildSettings = {
				ALWAYS_SEARCH_USER_PATHS = NO;
				ASSETCATALOG_COMPILER_GENERATE_SWIFT_ASSET_SYMBOL_EXTENSIONS = YES;
				CLANG_ANALYZER_NONNULL = YES;
				CLANG_ANALYZER_NUMBER_OBJECT_CONVERSION = YES_AGGRESSIVE;
				CLANG_CXX_LANGUAGE_STANDARD = "gnu++20";
				CLANG_ENABLE_MODULES = YES;
				CLANG_ENABLE_OBJC_ARC = YES;
				CLANG_ENABLE_OBJC_WEAK = YES;
				CLANG_WARN_BLOCK_CAPTURE_AUTORELEASING = YES;
				CLANG_WARN_BOOL_CONVERSION = YES;
				CLANG_WARN_COMMA = YES;
				CLANG_WARN_CONSTANT_CONVERSION = YES;
				CLANG_WARN_DEPRECATED_OBJC_IMPLEMENTATIONS = YES;
				CLANG_WARN_DIRECT_OBJC_ISA_USAGE = YES_ERROR;
				CLANG_WARN_DOCUMENTATION_COMMENTS = YES;
				CLANG_WARN_EMPTY_BODY = YES;
				CLANG_WARN_ENUM_CONVERSION = YES;
				CLANG_WARN_INFINITE_RECURSION = YES;
				CLANG_WARN_INT_CONVERSION = YES;
				CLANG_WARN_NON_LITERAL_NULL_CONVERSION = YES;
				CLANG_WARN_OBJC_IMPLICIT_RETAIN_SELF = YES;
				CLANG_WARN_OBJC_LITERAL_CONVERSION = YES;
				CLANG_WARN_OBJC_ROOT_CLASS = YES_ERROR;
				CLANG_WARN_QUOTED_INCLUDE_IN_FRAMEWORK_HEADER = YES;
				CLANG_WARN_RANGE_LOOP_ANALYSIS = YES;
				CLANG_WARN_STRICT_PROTOTYPES = YES;
				CLANG_WARN_SUSPICIOUS_MOVE = YES;
				CLANG_WARN_UNGUARDED_AVAILABILITY = YES_AGGRESSIVE;
				CLANG_WARN_UNREACHABLE_CODE = YES;
				CLANG_WARN__DUPLICATE_METHOD_MATCH = YES;
				COPY_PHASE_STRIP = NO;
				DEBUG_INFORMATION_FORMAT = "dwarf-with-dsym";
				ENABLE_NS_ASSERTIONS = NO;
				ENABLE_STRICT_OBJC_MSGSEND = YES;
				ENABLE_USER_SCRIPT_SANDBOXING = YES;
				GCC_C_LANGUAGE_STANDARD = gnu17;
				GCC_NO_COMMON_BLOCKS = YES;
				GCC_WARN_64_TO_32_BIT_CONVERSION = YES;
				GCC_WARN_ABOUT_RETURN_TYPE = YES_ERROR;
				GCC_WARN_UNDECLARED_SELECTOR = YES;
				GCC_WARN_UNINITIALIZED_AUTOS = YES_AGGRESSIVE;
				GCC_WARN_UNUSED_FUNCTION = YES;
				GCC_WARN_UNUSED_VARIABLE = YES;
				LOCALIZATION_PREFERS_STRING_CATALOGS = YES;
				MTL_ENABLE_DEBUG_INFO = NO;
				MTL_FAST_MATH = YES;
				SWIFT_COMPILATION_MODE = wholemodule;
			};
			name = Release;
		};
		4955D6E02D76944F00E1B619 /* Debug */ = {
			isa = XCBuildConfiguration;
			buildSettings = {
				ASSETCATALOG_COMPILER_APPICON_NAME = AppIcon;
				ASSETCATALOG_COMPILER_GLOBAL_ACCENT_COLOR_NAME = AccentColor;
				CODE_SIGN_ENTITLEMENTS = VolunTree/VolunTree.entitlements;
				CODE_SIGN_STYLE = Automatic;
				CURRENT_PROJECT_VERSION = 1;
				DEVELOPMENT_ASSET_PATHS = "\"VolunTree/Preview Content\"";
				DEVELOPMENT_TEAM = 3K8V57MDZ6;
				ENABLE_HARDENED_RUNTIME = YES;
				ENABLE_PREVIEWS = YES;
				"EXCLUDED_SOURCE_FILE_NAMES[arch=*]" = "API/**";
				GENERATE_INFOPLIST_FILE = YES;
				INFOPLIST_FILE = VolunTree/Info.plist;
				INFOPLIST_KEY_LSApplicationCategoryType = "";
				"INFOPLIST_KEY_UIApplicationSceneManifest_Generation[sdk=iphoneos*]" = YES;
				"INFOPLIST_KEY_UIApplicationSceneManifest_Generation[sdk=iphonesimulator*]" = YES;
				"INFOPLIST_KEY_UIApplicationSupportsIndirectInputEvents[sdk=iphoneos*]" = YES;
				"INFOPLIST_KEY_UIApplicationSupportsIndirectInputEvents[sdk=iphonesimulator*]" = YES;
				"INFOPLIST_KEY_UILaunchScreen_Generation[sdk=iphoneos*]" = YES;
				"INFOPLIST_KEY_UILaunchScreen_Generation[sdk=iphonesimulator*]" = YES;
				INFOPLIST_KEY_UIStatusBarStyle = "";
				"INFOPLIST_KEY_UIStatusBarStyle[sdk=iphoneos*]" = UIStatusBarStyleDefault;
				"INFOPLIST_KEY_UIStatusBarStyle[sdk=iphonesimulator*]" = UIStatusBarStyleDefault;
				INFOPLIST_KEY_UISupportedInterfaceOrientations_iPad = "UIInterfaceOrientationPortrait UIInterfaceOrientationPortraitUpsideDown UIInterfaceOrientationLandscapeLeft UIInterfaceOrientationLandscapeRight";
				INFOPLIST_KEY_UISupportedInterfaceOrientations_iPhone = "UIInterfaceOrientationPortrait UIInterfaceOrientationLandscapeLeft UIInterfaceOrientationLandscapeRight";
				IPHONEOS_DEPLOYMENT_TARGET = 18.2;
				LD_RUNPATH_SEARCH_PATHS = "@executable_path/Frameworks";
				"LD_RUNPATH_SEARCH_PATHS[sdk=macosx*]" = "@executable_path/../Frameworks";
				LIBRARY_SEARCH_PATHS = (
					"$(inherited)",
					"$(PROJECT_DIR)/VolunTree/API/bin/Debug/net8.0/runtimes/browser-wasm/nativeassets/net8.0",
					"$(PROJECT_DIR)/VolunTree/API/bin/Debug/net8.0/runtimes/osx-x64/native",
					"$(PROJECT_DIR)/VolunTree/API/bin/Debug/net8.0/runtimes/osx-arm64/native",
					"$(PROJECT_DIR)/VolunTree/API/bin/Debug/net8.0/runtimes/maccatalyst-x64/native",
					"$(PROJECT_DIR)/VolunTree/API/bin/Debug/net8.0/runtimes/maccatalyst-arm64/native",
				);
				MACOSX_DEPLOYMENT_TARGET = 14.5;
				MARKETING_VERSION = 1.0;
				NEW_SETTING = "";
				NEW_SETTING1 = "";
				PRODUCT_BUNDLE_IDENTIFIER = voluntree;
				PRODUCT_NAME = "$(TARGET_NAME)";
				SDKROOT = auto;
				SUPPORTED_PLATFORMS = "iphoneos iphonesimulator macosx xros xrsimulator";
				SWIFT_EMIT_LOC_STRINGS = YES;
				SWIFT_VERSION = 5.0;
				TARGETED_DEVICE_FAMILY = "1,2,7";
				XROS_DEPLOYMENT_TARGET = 2.2;
			};
			name = Debug;
		};
		4955D6E12D76944F00E1B619 /* Release */ = {
			isa = XCBuildConfiguration;
			buildSettings = {
				ASSETCATALOG_COMPILER_APPICON_NAME = AppIcon;
				ASSETCATALOG_COMPILER_GLOBAL_ACCENT_COLOR_NAME = AccentColor;
				CODE_SIGN_ENTITLEMENTS = VolunTree/VolunTree.entitlements;
				CODE_SIGN_STYLE = Automatic;
				CURRENT_PROJECT_VERSION = 1;
				DEVELOPMENT_ASSET_PATHS = "\"VolunTree/Preview Content\"";
				DEVELOPMENT_TEAM = 3K8V57MDZ6;
				ENABLE_HARDENED_RUNTIME = YES;
				ENABLE_PREVIEWS = YES;
				"EXCLUDED_SOURCE_FILE_NAMES[arch=*]" = "API/**";
				GENERATE_INFOPLIST_FILE = YES;
				INFOPLIST_FILE = VolunTree/Info.plist;
				INFOPLIST_KEY_LSApplicationCategoryType = "";
				"INFOPLIST_KEY_UIApplicationSceneManifest_Generation[sdk=iphoneos*]" = YES;
				"INFOPLIST_KEY_UIApplicationSceneManifest_Generation[sdk=iphonesimulator*]" = YES;
				"INFOPLIST_KEY_UIApplicationSupportsIndirectInputEvents[sdk=iphoneos*]" = YES;
				"INFOPLIST_KEY_UIApplicationSupportsIndirectInputEvents[sdk=iphonesimulator*]" = YES;
				"INFOPLIST_KEY_UILaunchScreen_Generation[sdk=iphoneos*]" = YES;
				"INFOPLIST_KEY_UILaunchScreen_Generation[sdk=iphonesimulator*]" = YES;
				INFOPLIST_KEY_UIStatusBarStyle = "";
				"INFOPLIST_KEY_UIStatusBarStyle[sdk=iphoneos*]" = UIStatusBarStyleDefault;
				"INFOPLIST_KEY_UIStatusBarStyle[sdk=iphonesimulator*]" = UIStatusBarStyleDefault;
				INFOPLIST_KEY_UISupportedInterfaceOrientations_iPad = "UIInterfaceOrientationPortrait UIInterfaceOrientationPortraitUpsideDown UIInterfaceOrientationLandscapeLeft UIInterfaceOrientationLandscapeRight";
				INFOPLIST_KEY_UISupportedInterfaceOrientations_iPhone = "UIInterfaceOrientationPortrait UIInterfaceOrientationLandscapeLeft UIInterfaceOrientationLandscapeRight";
				IPHONEOS_DEPLOYMENT_TARGET = 18.2;
				LD_RUNPATH_SEARCH_PATHS = "@executable_path/Frameworks";
				"LD_RUNPATH_SEARCH_PATHS[sdk=macosx*]" = "@executable_path/../Frameworks";
				LIBRARY_SEARCH_PATHS = (
					"$(inherited)",
					"$(PROJECT_DIR)/VolunTree/API/bin/Debug/net8.0/runtimes/browser-wasm/nativeassets/net8.0",
					"$(PROJECT_DIR)/VolunTree/API/bin/Debug/net8.0/runtimes/osx-x64/native",
					"$(PROJECT_DIR)/VolunTree/API/bin/Debug/net8.0/runtimes/osx-arm64/native",
					"$(PROJECT_DIR)/VolunTree/API/bin/Debug/net8.0/runtimes/maccatalyst-x64/native",
					"$(PROJECT_DIR)/VolunTree/API/bin/Debug/net8.0/runtimes/maccatalyst-arm64/native",
				);
				MACOSX_DEPLOYMENT_TARGET = 14.5;
				MARKETING_VERSION = 1.0;
				NEW_SETTING = "";
				NEW_SETTING1 = "";
				PRODUCT_BUNDLE_IDENTIFIER = voluntree;
				PRODUCT_NAME = "$(TARGET_NAME)";
				SDKROOT = auto;
				SUPPORTED_PLATFORMS = "iphoneos iphonesimulator macosx xros xrsimulator";
				SWIFT_EMIT_LOC_STRINGS = YES;
				SWIFT_VERSION = 5.0;
				TARGETED_DEVICE_FAMILY = "1,2,7";
				XROS_DEPLOYMENT_TARGET = 2.2;
			};
			name = Release;
		};
		4955D6E32D76944F00E1B619 /* Debug */ = {
			isa = XCBuildConfiguration;
			buildSettings = {
				BUNDLE_LOADER = "$(TEST_HOST)";
				CODE_SIGN_STYLE = Automatic;
				CURRENT_PROJECT_VERSION = 1;
				DEVELOPMENT_TEAM = "";
				GENERATE_INFOPLIST_FILE = YES;
				IPHONEOS_DEPLOYMENT_TARGET = 18.2;
				MACOSX_DEPLOYMENT_TARGET = 14.5;
				MARKETING_VERSION = 1.0;
				PRODUCT_BUNDLE_IDENTIFIER = moon.VolunTreeTests;
				PRODUCT_NAME = "$(TARGET_NAME)";
				SDKROOT = auto;
				SUPPORTED_PLATFORMS = "iphoneos iphonesimulator macosx xros xrsimulator";
				SWIFT_EMIT_LOC_STRINGS = NO;
				SWIFT_VERSION = 5.0;
				TARGETED_DEVICE_FAMILY = "1,2,7";
				TEST_HOST = "$(BUILT_PRODUCTS_DIR)/VolunTree.app/$(BUNDLE_EXECUTABLE_FOLDER_PATH)/VolunTree";
				XROS_DEPLOYMENT_TARGET = 2.2;
			};
			name = Debug;
		};
		4955D6E42D76944F00E1B619 /* Release */ = {
			isa = XCBuildConfiguration;
			buildSettings = {
				BUNDLE_LOADER = "$(TEST_HOST)";
				CODE_SIGN_STYLE = Automatic;
				CURRENT_PROJECT_VERSION = 1;
				DEVELOPMENT_TEAM = "";
				GENERATE_INFOPLIST_FILE = YES;
				IPHONEOS_DEPLOYMENT_TARGET = 18.2;
				MACOSX_DEPLOYMENT_TARGET = 14.5;
				MARKETING_VERSION = 1.0;
				PRODUCT_BUNDLE_IDENTIFIER = moon.VolunTreeTests;
				PRODUCT_NAME = "$(TARGET_NAME)";
				SDKROOT = auto;
				SUPPORTED_PLATFORMS = "iphoneos iphonesimulator macosx xros xrsimulator";
				SWIFT_EMIT_LOC_STRINGS = NO;
				SWIFT_VERSION = 5.0;
				TARGETED_DEVICE_FAMILY = "1,2,7";
				TEST_HOST = "$(BUILT_PRODUCTS_DIR)/VolunTree.app/$(BUNDLE_EXECUTABLE_FOLDER_PATH)/VolunTree";
				XROS_DEPLOYMENT_TARGET = 2.2;
			};
			name = Release;
		};
		4955D6E62D76944F00E1B619 /* Debug */ = {
			isa = XCBuildConfiguration;
			buildSettings = {
				CODE_SIGN_STYLE = Automatic;
				CURRENT_PROJECT_VERSION = 1;
				DEVELOPMENT_TEAM = "";
				GENERATE_INFOPLIST_FILE = YES;
				IPHONEOS_DEPLOYMENT_TARGET = 18.2;
				MACOSX_DEPLOYMENT_TARGET = 14.5;
				MARKETING_VERSION = 1.0;
				PRODUCT_BUNDLE_IDENTIFIER = moon.VolunTreeUITests;
				PRODUCT_NAME = "$(TARGET_NAME)";
				SDKROOT = auto;
				SUPPORTED_PLATFORMS = "iphoneos iphonesimulator macosx xros xrsimulator";
				SWIFT_EMIT_LOC_STRINGS = NO;
				SWIFT_VERSION = 5.0;
				TARGETED_DEVICE_FAMILY = "1,2,7";
				TEST_TARGET_NAME = VolunTree;
				XROS_DEPLOYMENT_TARGET = 2.2;
			};
			name = Debug;
		};
		4955D6E72D76944F00E1B619 /* Release */ = {
			isa = XCBuildConfiguration;
			buildSettings = {
				CODE_SIGN_STYLE = Automatic;
				CURRENT_PROJECT_VERSION = 1;
				DEVELOPMENT_TEAM = "";
				GENERATE_INFOPLIST_FILE = YES;
				IPHONEOS_DEPLOYMENT_TARGET = 18.2;
				MACOSX_DEPLOYMENT_TARGET = 14.5;
				MARKETING_VERSION = 1.0;
				PRODUCT_BUNDLE_IDENTIFIER = moon.VolunTreeUITests;
				PRODUCT_NAME = "$(TARGET_NAME)";
				SDKROOT = auto;
				SUPPORTED_PLATFORMS = "iphoneos iphonesimulator macosx xros xrsimulator";
				SWIFT_EMIT_LOC_STRINGS = NO;
				SWIFT_VERSION = 5.0;
				TARGETED_DEVICE_FAMILY = "1,2,7";
				TEST_TARGET_NAME = VolunTree;
				XROS_DEPLOYMENT_TARGET = 2.2;
			};
			name = Release;
		};
/* End XCBuildConfiguration section */

/* Begin XCConfigurationList section */
		4955D6B52D76944D00E1B619 /* Build configuration list for PBXProject "VolunTree" */ = {
			isa = XCConfigurationList;
			buildConfigurations = (
				4955D6DD2D76944F00E1B619 /* Debug */,
				4955D6DE2D76944F00E1B619 /* Release */,
			);
			defaultConfigurationIsVisible = 0;
			defaultConfigurationName = Release;
		};
		4955D6DF2D76944F00E1B619 /* Build configuration list for PBXNativeTarget "VolunTree" */ = {
			isa = XCConfigurationList;
			buildConfigurations = (
				4955D6E02D76944F00E1B619 /* Debug */,
				4955D6E12D76944F00E1B619 /* Release */,
			);
			defaultConfigurationIsVisible = 0;
			defaultConfigurationName = Release;
		};
		4955D6E22D76944F00E1B619 /* Build configuration list for PBXNativeTarget "VolunTreeTests" */ = {
			isa = XCConfigurationList;
			buildConfigurations = (
				4955D6E32D76944F00E1B619 /* Debug */,
				4955D6E42D76944F00E1B619 /* Release */,
			);
			defaultConfigurationIsVisible = 0;
			defaultConfigurationName = Release;
		};
		4955D6E52D76944F00E1B619 /* Build configuration list for PBXNativeTarget "VolunTreeUITests" */ = {
			isa = XCConfigurationList;
			buildConfigurations = (
				4955D6E62D76944F00E1B619 /* Debug */,
				4955D6E72D76944F00E1B619 /* Release */,
			);
			defaultConfigurationIsVisible = 0;
			defaultConfigurationName = Release;
		};
/* End XCConfigurationList section */

/* Begin XCRemoteSwiftPackageReference section */
		05C1FDDD2D9BD72900B36CBE /* XCRemoteSwiftPackageReference "firebase-ios-sdk" */ = {
			isa = XCRemoteSwiftPackageReference;
			repositoryURL = "https://github.com/firebase/firebase-ios-sdk";
			requirement = {
				kind = upToNextMajorVersion;
				minimumVersion = 11.11.0;
			};
		};
/* End XCRemoteSwiftPackageReference section */

/* Begin XCSwiftPackageProductDependency section */
		05C1FDDE2D9BD72900B36CBE /* FirebaseAnalytics */ = {
			isa = XCSwiftPackageProductDependency;
			package = 05C1FDDD2D9BD72900B36CBE /* XCRemoteSwiftPackageReference "firebase-ios-sdk" */;
			productName = FirebaseAnalytics;
		};
		05C1FDE02D9BD72900B36CBE /* FirebaseAnalyticsOnDeviceConversion */ = {
			isa = XCSwiftPackageProductDependency;
			package = 05C1FDDD2D9BD72900B36CBE /* XCRemoteSwiftPackageReference "firebase-ios-sdk" */;
			productName = FirebaseAnalyticsOnDeviceConversion;
		};
		05C1FDE22D9BD72900B36CBE /* FirebaseAnalyticsWithoutAdIdSupport */ = {
			isa = XCSwiftPackageProductDependency;
			package = 05C1FDDD2D9BD72900B36CBE /* XCRemoteSwiftPackageReference "firebase-ios-sdk" */;
			productName = FirebaseAnalyticsWithoutAdIdSupport;
		};
		05C1FDE42D9BD72900B36CBE /* FirebaseAppCheck */ = {
			isa = XCSwiftPackageProductDependency;
			package = 05C1FDDD2D9BD72900B36CBE /* XCRemoteSwiftPackageReference "firebase-ios-sdk" */;
			productName = FirebaseAppCheck;
		};
		05C1FDE62D9BD72900B36CBE /* FirebaseAppDistribution-Beta */ = {
			isa = XCSwiftPackageProductDependency;
			package = 05C1FDDD2D9BD72900B36CBE /* XCRemoteSwiftPackageReference "firebase-ios-sdk" */;
			productName = "FirebaseAppDistribution-Beta";
		};
		05C1FDE82D9BD72900B36CBE /* FirebaseAuth */ = {
			isa = XCSwiftPackageProductDependency;
			package = 05C1FDDD2D9BD72900B36CBE /* XCRemoteSwiftPackageReference "firebase-ios-sdk" */;
			productName = FirebaseAuth;
		};
		05C1FDEA2D9BD72900B36CBE /* FirebaseAuthCombine-Community */ = {
			isa = XCSwiftPackageProductDependency;
			package = 05C1FDDD2D9BD72900B36CBE /* XCRemoteSwiftPackageReference "firebase-ios-sdk" */;
			productName = "FirebaseAuthCombine-Community";
		};
		05C1FDEC2D9BD72900B36CBE /* FirebaseCore */ = {
			isa = XCSwiftPackageProductDependency;
			package = 05C1FDDD2D9BD72900B36CBE /* XCRemoteSwiftPackageReference "firebase-ios-sdk" */;
			productName = FirebaseCore;
		};
		05C1FDEE2D9BD72900B36CBE /* FirebaseCrashlytics */ = {
			isa = XCSwiftPackageProductDependency;
			package = 05C1FDDD2D9BD72900B36CBE /* XCRemoteSwiftPackageReference "firebase-ios-sdk" */;
			productName = FirebaseCrashlytics;
		};
		05C1FDF02D9BD72900B36CBE /* FirebaseDatabase */ = {
			isa = XCSwiftPackageProductDependency;
			package = 05C1FDDD2D9BD72900B36CBE /* XCRemoteSwiftPackageReference "firebase-ios-sdk" */;
			productName = FirebaseDatabase;
		};
		05C1FDF22D9BD72900B36CBE /* FirebaseDynamicLinks */ = {
			isa = XCSwiftPackageProductDependency;
			package = 05C1FDDD2D9BD72900B36CBE /* XCRemoteSwiftPackageReference "firebase-ios-sdk" */;
			productName = FirebaseDynamicLinks;
		};
		05C1FDF42D9BD72900B36CBE /* FirebaseFirestore */ = {
			isa = XCSwiftPackageProductDependency;
			package = 05C1FDDD2D9BD72900B36CBE /* XCRemoteSwiftPackageReference "firebase-ios-sdk" */;
			productName = FirebaseFirestore;
		};
		05C1FDF62D9BD72900B36CBE /* FirebaseFirestoreCombine-Community */ = {
			isa = XCSwiftPackageProductDependency;
			package = 05C1FDDD2D9BD72900B36CBE /* XCRemoteSwiftPackageReference "firebase-ios-sdk" */;
			productName = "FirebaseFirestoreCombine-Community";
		};
		05C1FDF82D9BD72900B36CBE /* FirebaseFunctions */ = {
			isa = XCSwiftPackageProductDependency;
			package = 05C1FDDD2D9BD72900B36CBE /* XCRemoteSwiftPackageReference "firebase-ios-sdk" */;
			productName = FirebaseFunctions;
		};
		05C1FDFA2D9BD72900B36CBE /* FirebaseFunctionsCombine-Community */ = {
			isa = XCSwiftPackageProductDependency;
			package = 05C1FDDD2D9BD72900B36CBE /* XCRemoteSwiftPackageReference "firebase-ios-sdk" */;
			productName = "FirebaseFunctionsCombine-Community";
		};
		05C1FDFC2D9BD72900B36CBE /* FirebaseInAppMessaging-Beta */ = {
			isa = XCSwiftPackageProductDependency;
			package = 05C1FDDD2D9BD72900B36CBE /* XCRemoteSwiftPackageReference "firebase-ios-sdk" */;
			productName = "FirebaseInAppMessaging-Beta";
		};
		05C1FDFE2D9BD72900B36CBE /* FirebaseInstallations */ = {
			isa = XCSwiftPackageProductDependency;
			package = 05C1FDDD2D9BD72900B36CBE /* XCRemoteSwiftPackageReference "firebase-ios-sdk" */;
			productName = FirebaseInstallations;
		};
		05C1FE002D9BD72900B36CBE /* FirebaseMLModelDownloader */ = {
			isa = XCSwiftPackageProductDependency;
			package = 05C1FDDD2D9BD72900B36CBE /* XCRemoteSwiftPackageReference "firebase-ios-sdk" */;
			productName = FirebaseMLModelDownloader;
		};
		05C1FE022D9BD72900B36CBE /* FirebaseMessaging */ = {
			isa = XCSwiftPackageProductDependency;
			package = 05C1FDDD2D9BD72900B36CBE /* XCRemoteSwiftPackageReference "firebase-ios-sdk" */;
			productName = FirebaseMessaging;
		};
		05C1FE042D9BD72900B36CBE /* FirebasePerformance */ = {
			isa = XCSwiftPackageProductDependency;
			package = 05C1FDDD2D9BD72900B36CBE /* XCRemoteSwiftPackageReference "firebase-ios-sdk" */;
			productName = FirebasePerformance;
		};
		05C1FE062D9BD72900B36CBE /* FirebaseRemoteConfig */ = {
			isa = XCSwiftPackageProductDependency;
			package = 05C1FDDD2D9BD72900B36CBE /* XCRemoteSwiftPackageReference "firebase-ios-sdk" */;
			productName = FirebaseRemoteConfig;
		};
		05C1FE082D9BD72900B36CBE /* FirebaseStorage */ = {
			isa = XCSwiftPackageProductDependency;
			package = 05C1FDDD2D9BD72900B36CBE /* XCRemoteSwiftPackageReference "firebase-ios-sdk" */;
			productName = FirebaseStorage;
		};
		05C1FE0A2D9BD72900B36CBE /* FirebaseStorageCombine-Community */ = {
			isa = XCSwiftPackageProductDependency;
			package = 05C1FDDD2D9BD72900B36CBE /* XCRemoteSwiftPackageReference "firebase-ios-sdk" */;
			productName = "FirebaseStorageCombine-Community";
		};
		05C1FE0C2D9BD72900B36CBE /* FirebaseVertexAI */ = {
			isa = XCSwiftPackageProductDependency;
			package = 05C1FDDD2D9BD72900B36CBE /* XCRemoteSwiftPackageReference "firebase-ios-sdk" */;
			productName = FirebaseVertexAI;
		};
/* End XCSwiftPackageProductDependency section */
	};
	rootObject = 4955D6B22D76944D00E1B619 /* Project object */;
}
